
Microsoft Visual Studio Solution File, Format Version 12.00
# Visual Studio 15
VisualStudioVersion = 15.0.26403.7
MinimumVisualStudioVersion = 10.0.40219.1
Project("{FAE04EC0-301F-11D3-BF4B-00C04F79EFBC}") = "CtrDotNet", "CtrDotNet\CtrDotNet.csproj", "{A5FACCE0-D32D-4271-A92E-18D01FF4418B}"
EndProject
Project("{FAE04EC0-301F-11D3-BF4B-00C04F79EFBC}") = "CtrDotNet.Graphics", "CtrDotNet.Graphics\CtrDotNet.Graphics.csproj", "{C4DEE669-F5F6-431F-9311-37C02CC42DA7}"
EndProject
Project("{FAE04EC0-301F-11D3-BF4B-00C04F79EFBC}") = "CtrDotNet.Pokemon", "CtrDotNet.Pokemon\CtrDotNet.Pokemon.csproj", "{B3267C79-99BA-4151-AE7F-EE5657FD1C77}"
EndProject
Project("{FAE04EC0-301F-11D3-BF4B-00C04F79EFBC}") = "TestDataDump", "TestDataDump\TestDataDump.csproj", "{8D2E3609-5096-4C1B-9DC4-ED810FB1F5F6}"
EndProject
Project("{FAE04EC0-301F-11D3-BF4B-00C04F79EFBC}") = "CtrDotNet.Pokemon.Tests", "CtrDotNet.Pokemon.Tests\CtrDotNet.Pokemon.Tests.csproj", "{1C78479A-8A21-49E4-BDB1-8D2576A0C376}"
EndProject
Project("{FAE04EC0-301F-11D3-BF4B-00C04F79EFBC}") = "CtrDotNet.Pokemon.Data", "CtrDotNet.Pokemon.Data\CtrDotNet.Pokemon.Data.csproj", "{85F7A691-D093-48D8-9A57-D8F3494BF931}"
EndProject
Global
	GlobalSection(SolutionConfigurationPlatforms) = preSolution
		Debug|Any CPU = Debug|Any CPU
		DebugNoDynamic|Any CPU = DebugNoDynamic|Any CPU
		Release|Any CPU = Release|Any CPU
	EndGlobalSection
	GlobalSection(ProjectConfigurationPlatforms) = postSolution
		{A5FACCE0-D32D-4271-A92E-18D01FF4418B}.Debug|Any CPU.ActiveCfg = Debug|Any CPU
		{A5FACCE0-D32D-4271-A92E-18D01FF4418B}.Debug|Any CPU.Build.0 = Debug|Any CPU
		{A5FACCE0-D32D-4271-A92E-18D01FF4418B}.DebugNoDynamic|Any CPU.ActiveCfg = Debug|Any CPU
		{A5FACCE0-D32D-4271-A92E-18D01FF4418B}.DebugNoDynamic|Any CPU.Build.0 = Debug|Any CPU
		{A5FACCE0-D32D-4271-A92E-18D01FF4418B}.Release|Any CPU.ActiveCfg = Release|Any CPU
		{A5FACCE0-D32D-4271-A92E-18D01FF4418B}.Release|Any CPU.Build.0 = Release|Any CPU
		{C4DEE669-F5F6-431F-9311-37C02CC42DA7}.Debug|Any CPU.ActiveCfg = Debug|Any CPU
		{C4DEE669-F5F6-431F-9311-37C02CC42DA7}.Debug|Any CPU.Build.0 = Debug|Any CPU
		{C4DEE669-F5F6-431F-9311-37C02CC42DA7}.DebugNoDynamic|Any CPU.ActiveCfg = Debug|Any CPU
		{C4DEE669-F5F6-431F-9311-37C02CC42DA7}.DebugNoDynamic|Any CPU.Build.0 = Debug|Any CPU
		{C4DEE669-F5F6-431F-9311-37C02CC42DA7}.Release|Any CPU.ActiveCfg = Release|Any CPU
		{C4DEE669-F5F6-431F-9311-37C02CC42DA7}.Release|Any CPU.Build.0 = Release|Any CPU
		{B3267C79-99BA-4151-AE7F-EE5657FD1C77}.Debug|Any CPU.ActiveCfg = Debug|Any CPU
		{B3267C79-99BA-4151-AE7F-EE5657FD1C77}.Debug|Any CPU.Build.0 = Debug|Any CPU
		{B3267C79-99BA-4151-AE7F-EE5657FD1C77}.DebugNoDynamic|Any CPU.ActiveCfg = Debug|Any CPU
		{B3267C79-99BA-4151-AE7F-EE5657FD1C77}.DebugNoDynamic|Any CPU.Build.0 = Debug|Any CPU
		{B3267C79-99BA-4151-AE7F-EE5657FD1C77}.Release|Any CPU.ActiveCfg = Release|Any CPU
		{B3267C79-99BA-4151-AE7F-EE5657FD1C77}.Release|Any CPU.Build.0 = Release|Any CPU
		{8D2E3609-5096-4C1B-9DC4-ED810FB1F5F6}.Debug|Any CPU.ActiveCfg = Debug|Any CPU
		{8D2E3609-5096-4C1B-9DC4-ED810FB1F5F6}.Debug|Any CPU.Build.0 = Debug|Any CPU
		{8D2E3609-5096-4C1B-9DC4-ED810FB1F5F6}.DebugNoDynamic|Any CPU.ActiveCfg = Debug|Any CPU
		{8D2E3609-5096-4C1B-9DC4-ED810FB1F5F6}.DebugNoDynamic|Any CPU.Build.0 = Debug|Any CPU
		{8D2E3609-5096-4C1B-9DC4-ED810FB1F5F6}.Release|Any CPU.ActiveCfg = Release|Any CPU
		{8D2E3609-5096-4C1B-9DC4-ED810FB1F5F6}.Release|Any CPU.Build.0 = Release|Any CPU
		{1C78479A-8A21-49E4-BDB1-8D2576A0C376}.Debug|Any CPU.ActiveCfg = Debug|Any CPU
		{1C78479A-8A21-49E4-BDB1-8D2576A0C376}.Debug|Any CPU.Build.0 = Debug|Any CPU
		{1C78479A-8A21-49E4-BDB1-8D2576A0C376}.DebugNoDynamic|Any CPU.ActiveCfg = Debug|Any CPU
		{1C78479A-8A21-49E4-BDB1-8D2576A0C376}.Release|Any CPU.ActiveCfg = Release|Any CPU
		{1C78479A-8A21-49E4-BDB1-8D2576A0C376}.Release|Any CPU.Build.0 = Release|Any CPU
		{85F7A691-D093-48D8-9A57-D8F3494BF931}.Debug|Any CPU.ActiveCfg = Debug|Any CPU
		{85F7A691-D093-48D8-9A57-D8F3494BF931}.Debug|Any CPU.Build.0 = Debug|Any CPU
		{85F7A691-D093-48D8-9A57-D8F3494BF931}.DebugNoDynamic|Any CPU.ActiveCfg = Debug|Any CPU
		{85F7A691-D093-48D8-9A57-D8F3494BF931}.Release|Any CPU.ActiveCfg = Release|Any CPU
		{85F7A691-D093-48D8-9A57-D8F3494BF931}.Release|Any CPU.Build.0 = Release|Any CPU
	EndGlobalSection
	GlobalSection(SolutionProperties) = preSolution
		HideSolutionNode = FALSE
	EndGlobalSection
EndGlobal
