
Microsoft Visual Studio Solution File, Format Version 12.00
# Visual Studio Version 16
VisualStudioVersion = 16.0.28922.388
MinimumVisualStudioVersion = 10.0.40219.1
Project("{FAE04EC0-301F-11D3-BF4B-00C04F79EFBC}") = "CtrDotNet", "CtrDotNet\CtrDotNet.csproj", "{A5FACCE0-D32D-4271-A92E-18D01FF4418B}"
EndProject
Project("{FAE04EC0-301F-11D3-BF4B-00C04F79EFBC}") = "CtrDotNet.Graphics", "CtrDotNet.Graphics\CtrDotNet.Graphics.csproj", "{C4DEE669-F5F6-431F-9311-37C02CC42DA7}"
EndProject
Project("{FAE04EC0-301F-11D3-BF4B-00C04F79EFBC}") = "CtrDotNet.Pokemon", "CtrDotNet.Pokemon\CtrDotNet.Pokemon.csproj", "{B3267C79-99BA-4151-AE7F-EE5657FD1C77}"
EndProject
Project("{FAE04EC0-301F-11D3-BF4B-00C04F79EFBC}") = "PokemonDataDump", "TestDataDump\PokemonDataDump.csproj", "{8D2E3609-5096-4C1B-9DC4-ED810FB1F5F6}"
EndProject
Project("{FAE04EC0-301F-11D3-BF4B-00C04F79EFBC}") = "CtrDotNet.Pokemon.Tests", "CtrDotNet.Pokemon.Tests\CtrDotNet.Pokemon.Tests.csproj", "{1C78479A-8A21-49E4-BDB1-8D2576A0C376}"
EndProject
Project("{FAE04EC0-301F-11D3-BF4B-00C04F79EFBC}") = "CtrDotNet.Pokemon.Randomizer", "CtrDotNet.Pokemon.Randomizer\CtrDotNet.Pokemon.Randomizer.csproj", "{BADF91D2-7B50-4314-A26E-F71F32380613}"
EndProject
Project("{FAE04EC0-301F-11D3-BF4B-00C04F79EFBC}") = "CtrDotNet.Pokemon.Randomizer.Tests", "CtrDotNet.Pokemon.Randomizer.Tests\CtrDotNet.Pokemon.Randomizer.Tests.csproj", "{302F7673-D9EE-4A18-9C66-31B5A910FEA5}"
EndProject
Project("{FAE04EC0-301F-11D3-BF4B-00C04F79EFBC}") = "GarcExploration", "GarcExploration\GarcExploration.csproj", "{97590164-CCBF-4AE9-B24D-F8953B432AE4}"
EndProject
Project("{FAE04EC0-301F-11D3-BF4B-00C04F79EFBC}") = "CtrDotNet.Pokemon.Randomizer.CLI", "CtrDotNet.Pokemon.Randomizer.CLI\CtrDotNet.Pokemon.Randomizer.CLI.csproj", "{88D6590F-2DE7-4582-8D55-4646D7218EE1}"
EndProject
Project("{FAE04EC0-301F-11D3-BF4B-00C04F79EFBC}") = "CtrDotNet.Pokemon.Randomizer.UI", "CtrDotNet.Pokemon.Randomizer.UI\CtrDotNet.Pokemon.Randomizer.UI.csproj", "{AEF8828C-844F-45FF-B0FB-7478DBDA43E1}"
EndProject
Project("{2150E333-8FDC-42A3-9474-1A3956D46DE8}") = "Library", "Library", "{AC850C89-6FE5-4594-9819-31D805A0DA39}"
EndProject
Project("{2150E333-8FDC-42A3-9474-1A3956D46DE8}") = "Pokemon", "Pokemon", "{A3CF3295-0335-4EB2-BE31-E5320FA325CB}"
EndProject
Project("{2150E333-8FDC-42A3-9474-1A3956D46DE8}") = "Randomizer", "Randomizer", "{B15D5096-9A6D-4B80-8D46-CCA191132DF1}"
EndProject
Project("{2150E333-8FDC-42A3-9474-1A3956D46DE8}") = "Unit Tests", "Unit Tests", "{A395FEA9-D218-413F-A775-2F02EB91C822}"
EndProject
Project("{2150E333-8FDC-42A3-9474-1A3956D46DE8}") = "Utilities", "Utilities", "{473097C4-F733-40A3-A7A1-B44858C84211}"
EndProject
Project("{FAE04EC0-301F-11D3-BF4B-00C04F79EFBC}") = "GarcBrowser", "GarcBrowser\GarcBrowser.csproj", "{B317FD65-DA5B-48F1-88F5-D8FCE7877271}"
EndProject
Global
	GlobalSection(SolutionConfigurationPlatforms) = preSolution
		Debug|Any CPU = Debug|Any CPU
		DebugNoDynamic|Any CPU = DebugNoDynamic|Any CPU
		Release|Any CPU = Release|Any CPU
	EndGlobalSection
	GlobalSection(ProjectConfigurationPlatforms) = postSolution
		{A5FACCE0-D32D-4271-A92E-18D01FF4418B}.Debug|Any CPU.ActiveCfg = Debug|Any CPU
		{A5FACCE0-D32D-4271-A92E-18D01FF4418B}.Debug|Any CPU.Build.0 = Debug|Any CPU
		{A5FACCE0-D32D-4271-A92E-18D01FF4418B}.DebugNoDynamic|Any CPU.ActiveCfg = Debug|Any CPU
		{A5FACCE0-D32D-4271-A92E-18D01FF4418B}.DebugNoDynamic|Any CPU.Build.0 = Debug|Any CPU
		{A5FACCE0-D32D-4271-A92E-18D01FF4418B}.Release|Any CPU.ActiveCfg = Release|Any CPU
		{A5FACCE0-D32D-4271-A92E-18D01FF4418B}.Release|Any CPU.Build.0 = Release|Any CPU
		{C4DEE669-F5F6-431F-9311-37C02CC42DA7}.Debug|Any CPU.ActiveCfg = Debug|Any CPU
		{C4DEE669-F5F6-431F-9311-37C02CC42DA7}.Debug|Any CPU.Build.0 = Debug|Any CPU
		{C4DEE669-F5F6-431F-9311-37C02CC42DA7}.DebugNoDynamic|Any CPU.ActiveCfg = Debug|Any CPU
		{C4DEE669-F5F6-431F-9311-37C02CC42DA7}.DebugNoDynamic|Any CPU.Build.0 = Debug|Any CPU
		{C4DEE669-F5F6-431F-9311-37C02CC42DA7}.Release|Any CPU.ActiveCfg = Release|Any CPU
		{C4DEE669-F5F6-431F-9311-37C02CC42DA7}.Release|Any CPU.Build.0 = Release|Any CPU
		{B3267C79-99BA-4151-AE7F-EE5657FD1C77}.Debug|Any CPU.ActiveCfg = Debug|Any CPU
		{B3267C79-99BA-4151-AE7F-EE5657FD1C77}.Debug|Any CPU.Build.0 = Debug|Any CPU
		{B3267C79-99BA-4151-AE7F-EE5657FD1C77}.DebugNoDynamic|Any CPU.ActiveCfg = Debug|Any CPU
		{B3267C79-99BA-4151-AE7F-EE5657FD1C77}.DebugNoDynamic|Any CPU.Build.0 = Debug|Any CPU
		{B3267C79-99BA-4151-AE7F-EE5657FD1C77}.Release|Any CPU.ActiveCfg = Release|Any CPU
		{B3267C79-99BA-4151-AE7F-EE5657FD1C77}.Release|Any CPU.Build.0 = Release|Any CPU
		{8D2E3609-5096-4C1B-9DC4-ED810FB1F5F6}.Debug|Any CPU.ActiveCfg = Debug|Any CPU
		{8D2E3609-5096-4C1B-9DC4-ED810FB1F5F6}.Debug|Any CPU.Build.0 = Debug|Any CPU
		{8D2E3609-5096-4C1B-9DC4-ED810FB1F5F6}.DebugNoDynamic|Any CPU.ActiveCfg = Debug|Any CPU
		{8D2E3609-5096-4C1B-9DC4-ED810FB1F5F6}.DebugNoDynamic|Any CPU.Build.0 = Debug|Any CPU
		{8D2E3609-5096-4C1B-9DC4-ED810FB1F5F6}.Release|Any CPU.ActiveCfg = Release|Any CPU
		{8D2E3609-5096-4C1B-9DC4-ED810FB1F5F6}.Release|Any CPU.Build.0 = Release|Any CPU
		{1C78479A-8A21-49E4-BDB1-8D2576A0C376}.Debug|Any CPU.ActiveCfg = Debug|Any CPU
		{1C78479A-8A21-49E4-BDB1-8D2576A0C376}.Debug|Any CPU.Build.0 = Debug|Any CPU
		{1C78479A-8A21-49E4-BDB1-8D2576A0C376}.DebugNoDynamic|Any CPU.ActiveCfg = Debug|Any CPU
		{1C78479A-8A21-49E4-BDB1-8D2576A0C376}.Release|Any CPU.ActiveCfg = Release|Any CPU
		{1C78479A-8A21-49E4-BDB1-8D2576A0C376}.Release|Any CPU.Build.0 = Release|Any CPU
		{BADF91D2-7B50-4314-A26E-F71F32380613}.Debug|Any CPU.ActiveCfg = Debug|Any CPU
		{BADF91D2-7B50-4314-A26E-F71F32380613}.Debug|Any CPU.Build.0 = Debug|Any CPU
		{BADF91D2-7B50-4314-A26E-F71F32380613}.DebugNoDynamic|Any CPU.ActiveCfg = Debug|Any CPU
		{BADF91D2-7B50-4314-A26E-F71F32380613}.Release|Any CPU.ActiveCfg = Release|Any CPU
		{BADF91D2-7B50-4314-A26E-F71F32380613}.Release|Any CPU.Build.0 = Release|Any CPU
		{302F7673-D9EE-4A18-9C66-31B5A910FEA5}.Debug|Any CPU.ActiveCfg = Debug|Any CPU
		{302F7673-D9EE-4A18-9C66-31B5A910FEA5}.Debug|Any CPU.Build.0 = Debug|Any CPU
		{302F7673-D9EE-4A18-9C66-31B5A910FEA5}.DebugNoDynamic|Any CPU.ActiveCfg = Debug|Any CPU
		{302F7673-D9EE-4A18-9C66-31B5A910FEA5}.DebugNoDynamic|Any CPU.Build.0 = Debug|Any CPU
		{302F7673-D9EE-4A18-9C66-31B5A910FEA5}.Release|Any CPU.ActiveCfg = Release|Any CPU
		{302F7673-D9EE-4A18-9C66-31B5A910FEA5}.Release|Any CPU.Build.0 = Release|Any CPU
		{97590164-CCBF-4AE9-B24D-F8953B432AE4}.Debug|Any CPU.ActiveCfg = Debug|Any CPU
		{97590164-CCBF-4AE9-B24D-F8953B432AE4}.Debug|Any CPU.Build.0 = Debug|Any CPU
		{97590164-CCBF-4AE9-B24D-F8953B432AE4}.DebugNoDynamic|Any CPU.ActiveCfg = Debug|Any CPU
		{97590164-CCBF-4AE9-B24D-F8953B432AE4}.DebugNoDynamic|Any CPU.Build.0 = Debug|Any CPU
		{97590164-CCBF-4AE9-B24D-F8953B432AE4}.Release|Any CPU.ActiveCfg = Release|Any CPU
		{97590164-CCBF-4AE9-B24D-F8953B432AE4}.Release|Any CPU.Build.0 = Release|Any CPU
		{88D6590F-2DE7-4582-8D55-4646D7218EE1}.Debug|Any CPU.ActiveCfg = Debug|Any CPU
		{88D6590F-2DE7-4582-8D55-4646D7218EE1}.Debug|Any CPU.Build.0 = Debug|Any CPU
		{88D6590F-2DE7-4582-8D55-4646D7218EE1}.DebugNoDynamic|Any CPU.ActiveCfg = Debug|Any CPU
		{88D6590F-2DE7-4582-8D55-4646D7218EE1}.DebugNoDynamic|Any CPU.Build.0 = Debug|Any CPU
		{88D6590F-2DE7-4582-8D55-4646D7218EE1}.Release|Any CPU.ActiveCfg = Release|Any CPU
		{88D6590F-2DE7-4582-8D55-4646D7218EE1}.Release|Any CPU.Build.0 = Release|Any CPU
		{AEF8828C-844F-45FF-B0FB-7478DBDA43E1}.Debug|Any CPU.ActiveCfg = Debug|Any CPU
		{AEF8828C-844F-45FF-B0FB-7478DBDA43E1}.Debug|Any CPU.Build.0 = Debug|Any CPU
		{AEF8828C-844F-45FF-B0FB-7478DBDA43E1}.DebugNoDynamic|Any CPU.ActiveCfg = Debug|Any CPU
		{AEF8828C-844F-45FF-B0FB-7478DBDA43E1}.DebugNoDynamic|Any CPU.Build.0 = Debug|Any CPU
		{AEF8828C-844F-45FF-B0FB-7478DBDA43E1}.Release|Any CPU.ActiveCfg = Release|Any CPU
		{AEF8828C-844F-45FF-B0FB-7478DBDA43E1}.Release|Any CPU.Build.0 = Release|Any CPU
		{B317FD65-DA5B-48F1-88F5-D8FCE7877271}.Debug|Any CPU.ActiveCfg = Debug|Any CPU
		{B317FD65-DA5B-48F1-88F5-D8FCE7877271}.Debug|Any CPU.Build.0 = Debug|Any CPU
		{B317FD65-DA5B-48F1-88F5-D8FCE7877271}.DebugNoDynamic|Any CPU.ActiveCfg = Debug|Any CPU
		{B317FD65-DA5B-48F1-88F5-D8FCE7877271}.DebugNoDynamic|Any CPU.Build.0 = Debug|Any CPU
		{B317FD65-DA5B-48F1-88F5-D8FCE7877271}.Release|Any CPU.ActiveCfg = Release|Any CPU
		{B317FD65-DA5B-48F1-88F5-D8FCE7877271}.Release|Any CPU.Build.0 = Release|Any CPU
	EndGlobalSection
	GlobalSection(SolutionProperties) = preSolution
		HideSolutionNode = FALSE
	EndGlobalSection
	GlobalSection(NestedProjects) = preSolution
		{A5FACCE0-D32D-4271-A92E-18D01FF4418B} = {AC850C89-6FE5-4594-9819-31D805A0DA39}
		{C4DEE669-F5F6-431F-9311-37C02CC42DA7} = {AC850C89-6FE5-4594-9819-31D805A0DA39}
		{B3267C79-99BA-4151-AE7F-EE5657FD1C77} = {A3CF3295-0335-4EB2-BE31-E5320FA325CB}
		{8D2E3609-5096-4C1B-9DC4-ED810FB1F5F6} = {473097C4-F733-40A3-A7A1-B44858C84211}
		{1C78479A-8A21-49E4-BDB1-8D2576A0C376} = {A395FEA9-D218-413F-A775-2F02EB91C822}
		{BADF91D2-7B50-4314-A26E-F71F32380613} = {B15D5096-9A6D-4B80-8D46-CCA191132DF1}
		{302F7673-D9EE-4A18-9C66-31B5A910FEA5} = {A395FEA9-D218-413F-A775-2F02EB91C822}
		{97590164-CCBF-4AE9-B24D-F8953B432AE4} = {473097C4-F733-40A3-A7A1-B44858C84211}
		{88D6590F-2DE7-4582-8D55-4646D7218EE1} = {B15D5096-9A6D-4B80-8D46-CCA191132DF1}
		{AEF8828C-844F-45FF-B0FB-7478DBDA43E1} = {B15D5096-9A6D-4B80-8D46-CCA191132DF1}
		{B15D5096-9A6D-4B80-8D46-CCA191132DF1} = {A3CF3295-0335-4EB2-BE31-E5320FA325CB}
		{B317FD65-DA5B-48F1-88F5-D8FCE7877271} = {473097C4-F733-40A3-A7A1-B44858C84211}
	EndGlobalSection
	GlobalSection(ExtensibilityGlobals) = postSolution
		SolutionGuid = {7BC29846-AA41-42BB-AECA-4A3B07477693}
	EndGlobalSection
EndGlobal
