
Microsoft Visual Studio Solution File, Format Version 12.00
# Visual Studio Version 16
VisualStudioVersion = 16.0.28922.388
MinimumVisualStudioVersion = 10.0.40219.1
Project("{9A19103F-16F7-4668-BE54-9A1E7A4F7556}") = "CtrDotNet", "src\CtrDotNet\CtrDotNet.csproj", "{A5FACCE0-D32D-4271-A92E-18D01FF4418B}"
EndProject
Project("{9A19103F-16F7-4668-BE54-9A1E7A4F7556}") = "PokeRandomizer.Common", "src\PokeRandomizer.Common\PokeRandomizer.Common.csproj", "{B3267C79-99BA-4151-AE7F-EE5657FD1C77}"
EndProject
Project("{9A19103F-16F7-4668-BE54-9A1E7A4F7556}") = "PokeRandomizer.Tests", "test\PokeRandomizer.Tests\PokeRandomizer.Tests.csproj", "{1C78479A-8A21-49E4-BDB1-8D2576A0C376}"
EndProject
Project("{9A19103F-16F7-4668-BE54-9A1E7A4F7556}") = "PokeRandomizer", "src\PokeRandomizer\PokeRandomizer.csproj", "{BADF91D2-7B50-4314-A26E-F71F32380613}"
EndProject
Project("{9A19103F-16F7-4668-BE54-9A1E7A4F7556}") = "PokeRandomizer.CLI", "src\PokeRandomizer.CLI\PokeRandomizer.CLI.csproj", "{88D6590F-2DE7-4582-8D55-4646D7218EE1}"
EndProject
Project("{FAE04EC0-301F-11D3-BF4B-00C04F79EFBC}") = "PokeRandomizer.UI", "src\PokeRandomizer.UI\PokeRandomizer.UI.csproj", "{AEF8828C-844F-45FF-B0FB-7478DBDA43E1}"
EndProject
Project("{2150E333-8FDC-42A3-9474-1A3956D46DE8}") = "0 - Library", "0 - Library", "{AC850C89-6FE5-4594-9819-31D805A0DA39}"
EndProject
Project("{2150E333-8FDC-42A3-9474-1A3956D46DE8}") = "1 - App", "1 - App", "{A3CF3295-0335-4EB2-BE31-E5320FA325CB}"
EndProject
Project("{2150E333-8FDC-42A3-9474-1A3956D46DE8}") = "2 - Tests", "2 - Tests", "{A395FEA9-D218-413F-A775-2F02EB91C822}"
EndProject
Project("{2150E333-8FDC-42A3-9474-1A3956D46DE8}") = "3 - Tools", "3 - Tools", "{473097C4-F733-40A3-A7A1-B44858C84211}"
EndProject
Project("{9A19103F-16F7-4668-BE54-9A1E7A4F7556}") = "PokemonDataDump", "tools\PokemonDataDump\PokemonDataDump.csproj", "{401B7E06-A981-4868-9B3C-112137C674C7}"
EndProject
Global
	GlobalSection(SolutionConfigurationPlatforms) = preSolution
		Debug|Any CPU = Debug|Any CPU
		DebugNoDynamic|Any CPU = DebugNoDynamic|Any CPU
		Release|Any CPU = Release|Any CPU
	EndGlobalSection
	GlobalSection(ProjectConfigurationPlatforms) = postSolution
		{A5FACCE0-D32D-4271-A92E-18D01FF4418B}.Debug|Any CPU.ActiveCfg = Debug|Any CPU
		{A5FACCE0-D32D-4271-A92E-18D01FF4418B}.Debug|Any CPU.Build.0 = Debug|Any CPU
		{A5FACCE0-D32D-4271-A92E-18D01FF4418B}.DebugNoDynamic|Any CPU.ActiveCfg = Debug|Any CPU
		{A5FACCE0-D32D-4271-A92E-18D01FF4418B}.DebugNoDynamic|Any CPU.Build.0 = Debug|Any CPU
		{A5FACCE0-D32D-4271-A92E-18D01FF4418B}.Release|Any CPU.ActiveCfg = Release|Any CPU
		{A5FACCE0-D32D-4271-A92E-18D01FF4418B}.Release|Any CPU.Build.0 = Release|Any CPU
		{B3267C79-99BA-4151-AE7F-EE5657FD1C77}.Debug|Any CPU.ActiveCfg = Debug|Any CPU
		{B3267C79-99BA-4151-AE7F-EE5657FD1C77}.Debug|Any CPU.Build.0 = Debug|Any CPU
		{B3267C79-99BA-4151-AE7F-EE5657FD1C77}.DebugNoDynamic|Any CPU.ActiveCfg = Debug|Any CPU
		{B3267C79-99BA-4151-AE7F-EE5657FD1C77}.DebugNoDynamic|Any CPU.Build.0 = Debug|Any CPU
		{B3267C79-99BA-4151-AE7F-EE5657FD1C77}.Release|Any CPU.ActiveCfg = Release|Any CPU
		{B3267C79-99BA-4151-AE7F-EE5657FD1C77}.Release|Any CPU.Build.0 = Release|Any CPU
		{1C78479A-8A21-49E4-BDB1-8D2576A0C376}.Debug|Any CPU.ActiveCfg = Debug|Any CPU
		{1C78479A-8A21-49E4-BDB1-8D2576A0C376}.Debug|Any CPU.Build.0 = Debug|Any CPU
		{1C78479A-8A21-49E4-BDB1-8D2576A0C376}.DebugNoDynamic|Any CPU.ActiveCfg = Debug|Any CPU
		{1C78479A-8A21-49E4-BDB1-8D2576A0C376}.Release|Any CPU.ActiveCfg = Release|Any CPU
		{1C78479A-8A21-49E4-BDB1-8D2576A0C376}.Release|Any CPU.Build.0 = Release|Any CPU
		{BADF91D2-7B50-4314-A26E-F71F32380613}.Debug|Any CPU.ActiveCfg = Debug|Any CPU
		{BADF91D2-7B50-4314-A26E-F71F32380613}.Debug|Any CPU.Build.0 = Debug|Any CPU
		{BADF91D2-7B50-4314-A26E-F71F32380613}.DebugNoDynamic|Any CPU.ActiveCfg = Debug|Any CPU
		{BADF91D2-7B50-4314-A26E-F71F32380613}.Release|Any CPU.ActiveCfg = Release|Any CPU
		{BADF91D2-7B50-4314-A26E-F71F32380613}.Release|Any CPU.Build.0 = Release|Any CPU
		{88D6590F-2DE7-4582-8D55-4646D7218EE1}.Debug|Any CPU.ActiveCfg = Debug|Any CPU
		{88D6590F-2DE7-4582-8D55-4646D7218EE1}.Debug|Any CPU.Build.0 = Debug|Any CPU
		{88D6590F-2DE7-4582-8D55-4646D7218EE1}.DebugNoDynamic|Any CPU.ActiveCfg = Debug|Any CPU
		{88D6590F-2DE7-4582-8D55-4646D7218EE1}.DebugNoDynamic|Any CPU.Build.0 = Debug|Any CPU
		{88D6590F-2DE7-4582-8D55-4646D7218EE1}.Release|Any CPU.ActiveCfg = Release|Any CPU
		{88D6590F-2DE7-4582-8D55-4646D7218EE1}.Release|Any CPU.Build.0 = Release|Any CPU
		{AEF8828C-844F-45FF-B0FB-7478DBDA43E1}.Debug|Any CPU.ActiveCfg = Debug|Any CPU
		{AEF8828C-844F-45FF-B0FB-7478DBDA43E1}.Debug|Any CPU.Build.0 = Debug|Any CPU
		{AEF8828C-844F-45FF-B0FB-7478DBDA43E1}.DebugNoDynamic|Any CPU.ActiveCfg = Debug|Any CPU
		{AEF8828C-844F-45FF-B0FB-7478DBDA43E1}.DebugNoDynamic|Any CPU.Build.0 = Debug|Any CPU
		{AEF8828C-844F-45FF-B0FB-7478DBDA43E1}.Release|Any CPU.ActiveCfg = Release|Any CPU
		{AEF8828C-844F-45FF-B0FB-7478DBDA43E1}.Release|Any CPU.Build.0 = Release|Any CPU
		{401B7E06-A981-4868-9B3C-112137C674C7}.Debug|Any CPU.ActiveCfg = Debug|Any CPU
		{401B7E06-A981-4868-9B3C-112137C674C7}.Debug|Any CPU.Build.0 = Debug|Any CPU
		{401B7E06-A981-4868-9B3C-112137C674C7}.DebugNoDynamic|Any CPU.ActiveCfg = Debug|Any CPU
		{401B7E06-A981-4868-9B3C-112137C674C7}.DebugNoDynamic|Any CPU.Build.0 = Debug|Any CPU
		{401B7E06-A981-4868-9B3C-112137C674C7}.Release|Any CPU.ActiveCfg = Release|Any CPU
		{401B7E06-A981-4868-9B3C-112137C674C7}.Release|Any CPU.Build.0 = Release|Any CPU
	EndGlobalSection
	GlobalSection(SolutionProperties) = preSolution
		HideSolutionNode = FALSE
	EndGlobalSection
	GlobalSection(NestedProjects) = preSolution
		{A5FACCE0-D32D-4271-A92E-18D01FF4418B} = {AC850C89-6FE5-4594-9819-31D805A0DA39}
		{B3267C79-99BA-4151-AE7F-EE5657FD1C77} = {AC850C89-6FE5-4594-9819-31D805A0DA39}
		{1C78479A-8A21-49E4-BDB1-8D2576A0C376} = {A395FEA9-D218-413F-A775-2F02EB91C822}
		{BADF91D2-7B50-4314-A26E-F71F32380613} = {AC850C89-6FE5-4594-9819-31D805A0DA39}
		{88D6590F-2DE7-4582-8D55-4646D7218EE1} = {A3CF3295-0335-4EB2-BE31-E5320FA325CB}
		{AEF8828C-844F-45FF-B0FB-7478DBDA43E1} = {A3CF3295-0335-4EB2-BE31-E5320FA325CB}
		{401B7E06-A981-4868-9B3C-112137C674C7} = {473097C4-F733-40A3-A7A1-B44858C84211}
	EndGlobalSection
	GlobalSection(ExtensibilityGlobals) = postSolution
		SolutionGuid = {7BC29846-AA41-42BB-AECA-4A3B07477693}
	EndGlobalSection
EndGlobal
